{
  "version": "3",
  "packages": {
    "specifiers": {
      "jsr:@abdurahman/fuzzy-search@^1.0.1": "jsr:@abdurahman/fuzzy-search@1.0.1",
      "jsr:@denosaurs/event@2.0.2": "jsr:@denosaurs/event@2.0.2",
      "jsr:@meower/api-client@^1.0.1": "jsr:@meower/api-client@1.0.1",
      "jsr:@std/assert@1": "jsr:@std/assert@1.0.5",
      "jsr:@std/datetime@^0.225.2": "jsr:@std/datetime@0.225.2",
      "jsr:@std/internal@^1.0.3": "jsr:@std/internal@1.0.3",
      "npm:fuse.js": "npm:fuse.js@7.0.0"
    },
    "jsr": {
      "@abdurahman/fuzzy-search@1.0.1": {
        "integrity": "ff5b9a19426f03a5c594fb771d4e1f6cef3bc2bb87c5633447f3dac939b1469a"
      },
      "@denosaurs/event@2.0.2": {
        "integrity": "3310ba1a9e94dd60ccb09c6084fc818cc1cd50e543c56ef0c6199f1b89073392"
      },
      "@meower/api-client@1.0.1": {
        "integrity": "59a2c381c32968a874ace8e0e85cdf1e262cdce5db4fccfbb6d9e4af411a9bc0",
        "dependencies": [
          "jsr:@denosaurs/event@2.0.2"
        ]
      },
      "@std/assert@1.0.5": {
        "integrity": "e37da8e4033490ce613eec4ac1d78dba1faf5b02a3f6c573a28f15365b9b440f",
        "dependencies": [
          "jsr:@std/internal@^1.0.3"
        ]
      },
      "@std/datetime@0.225.2": {
        "integrity": "45f0100554a912cd65f48089ef0a33aa1eb6ea21f08090840b539ab582827eaa"
      },
      "@std/internal@1.0.3": {
        "integrity": "208e9b94a3d5649bd880e9ca38b885ab7651ab5b5303a56ed25de4755fb7b11e"
      }
    },
    "npm": {
      "fuse.js@7.0.0": {
        "integrity": "sha512-14F4hBIxqKvD4Zz/XjDc3y94mNZN6pRv3U13Udo0lNLCWRBUsrMv2xwcF/y/Z5sV6+FQW+/ow68cHpm4sunt8Q==",
        "dependencies": {}
      }
    }
  },
  "redirects": {
    "https://deno.land/x/ptera/mod.ts": "https://deno.land/x/ptera@v1.0.2/mod.ts",
    "https://deno.land/x/time.ts/mod.ts": "https://deno.land/x/time.ts@v2.0.1/mod.ts"
  },
  "remote": {
    "https://deno.land/std@0.186.0/_util/asserts.ts": "178dfc49a464aee693a7e285567b3d0b555dc805ff490505a8aae34f9cfb1462",
    "https://deno.land/std@0.186.0/async/abortable.ts": "fd682fa46f3b7b16b4606a5ab52a7ce309434b76f820d3221bdfb862719a15d7",
    "https://deno.land/std@0.186.0/async/deadline.ts": "58f72a3cc0fcb731b2cc055ba046f4b5be3349ff6bf98f2e793c3b969354aab2",
    "https://deno.land/std@0.186.0/async/debounce.ts": "adab11d04ca38d699444ac8a9d9856b4155e8dda2afd07ce78276c01ea5a4332",
    "https://deno.land/std@0.186.0/async/deferred.ts": "42790112f36a75a57db4a96d33974a936deb7b04d25c6084a9fa8a49f135def8",
    "https://deno.land/std@0.186.0/async/delay.ts": "73aa04cec034c84fc748c7be49bb15cac3dd43a57174bfdb7a4aec22c248f0dd",
    "https://deno.land/std@0.186.0/async/mod.ts": "f04344fa21738e5ad6bea37a6bfffd57c617c2d372bb9f9dcfd118a1b622e576",
    "https://deno.land/std@0.186.0/async/mux_async_iterator.ts": "70c7f2ee4e9466161350473ad61cac0b9f115cff4c552eaa7ef9d50c4cbb4cc9",
    "https://deno.land/std@0.186.0/async/pool.ts": "f1b8d3df4d7fd3c73f8cbc91cc2e8b8e950910f1eab94230b443944d7584c657",
    "https://deno.land/std@0.186.0/async/retry.ts": "dd19d93033d8eaddbfcb7654c0366e9d3b0a21448bdb06eba4a7d8a8cf936a92",
    "https://deno.land/std@0.186.0/async/tee.ts": "47e42d35f622650b02234d43803d0383a89eb4387e1b83b5a40106d18ae36757",
    "https://deno.land/std@0.186.0/datetime/to_imf.ts": "8f9c0af8b167031ffe2e03da01a12a3b0672cc7562f89c61942a0ab0129771b2",
    "https://deno.land/std@0.186.0/encoding/base64.ts": "144ae6234c1fbe5b68666c711dc15b1e9ee2aef6d42b3b4345bf9a6c91d70d0d",
    "https://deno.land/std@0.186.0/http/_negotiation/common.ts": "14d1a52427ab258a4b7161cd80e1d8a207b7cc64b46e911780f57ead5f4323c6",
    "https://deno.land/std@0.186.0/http/_negotiation/encoding.ts": "ff747d107277c88cb7a6a62a08eeb8d56dad91564cbcccb30694d5dc126dcc53",
    "https://deno.land/std@0.186.0/http/_negotiation/language.ts": "7bcddd8db3330bdb7ce4fc00a213c5547c1968139864201efd67ef2d0d51887d",
    "https://deno.land/std@0.186.0/http/_negotiation/media_type.ts": "58847517cd549384ad677c0fe89e0a4815be36fe7a303ea63cee5f6a1d7e1692",
    "https://deno.land/std@0.186.0/http/cookie.ts": "934f92d871d50852dbd7a836d721df5a9527b14381db16001b40991d30174ee4",
    "https://deno.land/std@0.186.0/http/cookie_map.ts": "d148a5eaf35f19905dd5104126fa47ac71105306dd42f129732365e43108b28a",
    "https://deno.land/std@0.186.0/http/etag.ts": "6ad8abbbb1045aabf2307959a2c5565054a8bf01c9824ddee836b1ff22706a58",
    "https://deno.land/std@0.186.0/http/http_errors.ts": "b9a18ef97d6c5966964de95e04d1f9f88a0f8bd8577c26fd402d9d632fb03a42",
    "https://deno.land/std@0.186.0/http/http_status.ts": "8a7bcfe3ac025199ad804075385e57f63d055b2aed539d943ccc277616d6f932",
    "https://deno.land/std@0.186.0/http/method.ts": "e66c2a015cb46c21ab0bb3589aa4fca43143a506cb324ffdfd42d2edef7bc0c4",
    "https://deno.land/std@0.186.0/http/mod.ts": "ca1f014826ff666731325022859d21afece14d6b5be00cd098f30e555671bfae",
    "https://deno.land/std@0.186.0/http/negotiation.ts": "46e74a6bad4b857333a58dc5b50fe8e5a4d5267e97292293ea65f980bd918086",
    "https://deno.land/std@0.186.0/http/server.ts": "1b23463b5b36e4eebc495417f6af47a6f7d52e3294827a1226d2a1aab23d9d20",
    "https://deno.land/std@0.186.0/http/server_sent_event.ts": "f752c9e4f0eba247a3fead8bfe0883f44e04d31c2dcc88776ba5230b7165a460",
    "https://deno.land/x/fuse@v6.4.1/dist/fuse.js": "83b491d4898dfc846197aacd696a1afee8d5c3b5cc3c57fb9fe5985613917cd7",
    "https://deno.land/x/ptera@v1.0.2/constants.ts": "61659e7f70136d73e0215d373fa815427f424a8b1596bf88ba62da4f542b4c2a",
    "https://deno.land/x/ptera@v1.0.2/convert.ts": "f4251fd3f46b7924fc70f2e81c13eeee9123897478b309e3117cc8b421386c81",
    "https://deno.land/x/ptera@v1.0.2/datetime.ts": "fd6bd0e6bc8cb6ddd21416d7f9bde6fca93d0a6de17dfad676ce79af1cd667a3",
    "https://deno.land/x/ptera@v1.0.2/diff.ts": "262cacd353e4feb923ae17845bcbd4368eeeb0e6557fc0d9069c7adfd920e080",
    "https://deno.land/x/ptera@v1.0.2/format.ts": "d56ee7bbf56bc19976197e1bf15f1d182a00a190c3103a6e544f0fd2f14d3ff6",
    "https://deno.land/x/ptera@v1.0.2/local_time.ts": "3836e80d81f1d4ba40fa266632076e0159cc58d1e2ffc23fccfb5249e1c5b780",
    "https://deno.land/x/ptera@v1.0.2/locale.ts": "ec9ef85d52f525e9cdb770dc391841d9ef6a72e84f88eff3c4114da7d0a986d1",
    "https://deno.land/x/ptera@v1.0.2/mod.ts": "741221c4e7c972d0d0a7745464dcd87611f41729d923b1e40f57ce24c44ae98b",
    "https://deno.land/x/ptera@v1.0.2/parse_date.ts": "51ba2b0917ef9015316b84072766286fd693df553930dfb52e024eb441c19d16",
    "https://deno.land/x/ptera@v1.0.2/timezone.ts": "4871b64bb0d5e01a968c51dbc34e724a5526149acfb5097f410dfb970bf505cb",
    "https://deno.land/x/ptera@v1.0.2/types.ts": "24b378ccf1f8e1783022ffe96312ef7c12deb39a62aa33832a3c3555954e663b",
    "https://deno.land/x/ptera@v1.0.2/utils.ts": "1651c7740fef85901af34bbfcd8d9bd467a4313b5a4d5074e2603f989f1ee77a",
    "https://deno.land/x/ptera@v1.0.2/zoned_time.ts": "d0578c18b534625c157eaea6daa88c71708b801f03793a05bc48ba492044191e",
    "https://deno.land/x/time.ts@v2.0.1/lib/new-api.ts": "eb5ea9896fb54ff1a7d5fdd90446e3302d130cf6ee02d5132dd62c2dd4320713",
    "https://deno.land/x/time.ts@v2.0.1/lib/time.ts": "b44f0471340af96d86799b63348ae86318f09104b7d1a13ad5f9b9db72afb174",
    "https://deno.land/x/time.ts@v2.0.1/lib/timezone.ts": "7a228ddf5a80b8df7fb08a543f095631d9850be086ef783cf46984b40623b14f",
    "https://deno.land/x/time.ts@v2.0.1/lib/type.ts": "272b84228582febfea09d9de64ef2b0f9b87668f7bbe5f8b655698a37a76f935",
    "https://deno.land/x/time.ts@v2.0.1/mod.ts": "4cdaa33f88584fd832d57e9a9c1817ebf6bc9770d7d021d8c874902a4205a196"
  },
  "workspace": {
    "dependencies": [
      "jsr:@abdurahman/fuzzy-search@^1.0.1",
      "jsr:@meower/api-client@^1.0.1",
      "jsr:@std/assert@1",
      "jsr:@std/datetime@^0.225.2"
    ]
  }
}
